// !$*UTF8*$!
{
	archiveVersion = 1;
	classes = {
	};
	objectVersion = 77;
	objects = {

/* Begin PBXBuildFile section */
		C61DEDA12EDF8270006F5651 /* GoogleSignIn in Frameworks */ = {isa = PBXBuildFile; productRef = C61DEDA02EDF8270006F5651 /* GoogleSignIn */; };
		C61DEDA32EDF8270006F5651 /* GoogleSignInSwift in Frameworks */ = {isa = PBXBuildFile; productRef = C61DEDA22EDF8270006F5651 /* GoogleSignInSwift */; };
		C61DEDBC2EDFBA26006F5651 /* SonderDTOs in Frameworks */ = {isa = PBXBuildFile; productRef = C61DEDBB2EDFBA26006F5651 /* SonderDTOs */; };
/* End PBXBuildFile section */

/* Begin PBXContainerItemProxy section */
		C64514852ED36BD40066510E /* PBXContainerItemProxy */ = {
			isa = PBXContainerItemProxy;
			containerPortal = C645146F2ED36BD10066510E /* Project object */;
			proxyType = 1;
			remoteGlobalIDString = C64514762ED36BD10066510E;
			remoteInfo = sonder;
		};
		C645148F2ED36BD40066510E /* PBXContainerItemProxy */ = {
			isa = PBXContainerItemProxy;
			containerPortal = C645146F2ED36BD10066510E /* Project object */;
			proxyType = 1;
			remoteGlobalIDString = C64514762ED36BD10066510E;
			remoteInfo = sonder;
		};
/* End PBXContainerItemProxy section */

/* Begin PBXFileReference section */
		C64514772ED36BD10066510E /* sonder.app */ = {isa = PBXFileReference; explicitFileType = wrapper.application; includeInIndex = 0; path = sonder.app; sourceTree = BUILT_PRODUCTS_DIR; };
		C64514842ED36BD40066510E /* sonderTests.xctest */ = {isa = PBXFileReference; explicitFileType = wrapper.cfbundle; includeInIndex = 0; path = sonderTests.xctest; sourceTree = BUILT_PRODUCTS_DIR; };
		C645148E2ED36BD40066510E /* sonderUITests.xctest */ = {isa = PBXFileReference; explicitFileType = wrapper.cfbundle; includeInIndex = 0; path = sonderUITests.xctest; sourceTree = BUILT_PRODUCTS_DIR; };
/* End PBXFileReference section */

/* Begin PBXFileSystemSynchronizedBuildFileExceptionSet section */
		C61DEDDA2EE3957C006F5651 /* Exceptions for "sonder" folder in "sonder" target */ = {
			isa = PBXFileSystemSynchronizedBuildFileExceptionSet;
			membershipExceptions = (
				Info.plst,
			);
			target = C64514762ED36BD10066510E /* sonder */;
		};
/* End PBXFileSystemSynchronizedBuildFileExceptionSet section */

/* Begin PBXFileSystemSynchronizedGroupBuildPhaseMembershipExceptionSet section */
		C61DEDDB2EE3957C006F5651 /* Exceptions for "sonder" folder in "Compile Sources" phase from "sonder" target */ = {
			isa = PBXFileSystemSynchronizedGroupBuildPhaseMembershipExceptionSet;
			buildPhase = C64514732ED36BD10066510E /* Sources */;
			membershipExceptions = (
				Info.plst,
			);
		};
/* End PBXFileSystemSynchronizedGroupBuildPhaseMembershipExceptionSet section */

/* Begin PBXFileSystemSynchronizedRootGroup section */
		C64514792ED36BD10066510E /* sonder */ = {
			isa = PBXFileSystemSynchronizedRootGroup;
			exceptions = (
				C61DEDDA2EE3957C006F5651 /* Exceptions for "sonder" folder in "sonder" target */,
				C61DEDDB2EE3957C006F5651 /* Exceptions for "sonder" folder in "Compile Sources" phase from "sonder" target */,
			);
			path = sonder;
			sourceTree = "<group>";
		};
		C64514872ED36BD40066510E /* sonderTests */ = {
			isa = PBXFileSystemSynchronizedRootGroup;
			path = sonderTests;
			sourceTree = "<group>";
		};
		C64514912ED36BD40066510E /* sonderUITests */ = {
			isa = PBXFileSystemSynchronizedRootGroup;
			path = sonderUITests;
			sourceTree = "<group>";
		};
/* End PBXFileSystemSynchronizedRootGroup section */

/* Begin PBXFrameworksBuildPhase section */
		C64514742ED36BD10066510E /* Frameworks */ = {
			isa = PBXFrameworksBuildPhase;
			buildActionMask = 2147483647;
			files = (
				C61DEDA12EDF8270006F5651 /* GoogleSignIn in Frameworks */,
				C61DEDBC2EDFBA26006F5651 /* SonderDTOs in Frameworks */,
				C61DEDA32EDF8270006F5651 /* GoogleSignInSwift in Frameworks */,
			);
			runOnlyForDeploymentPostprocessing = 0;
		};
		C64514812ED36BD40066510E /* Frameworks */ = {
			isa = PBXFrameworksBuildPhase;
			buildActionMask = 2147483647;
			files = (
			);
			runOnlyForDeploymentPostprocessing = 0;
		};
		C645148B2ED36BD40066510E /* Frameworks */ = {
			isa = PBXFrameworksBuildPhase;
			buildActionMask = 2147483647;
			files = (
			);
			runOnlyForDeploymentPostprocessing = 0;
		};
/* End PBXFrameworksBuildPhase section */

/* Begin PBXGroup section */
		C61DEDBA2EDFBA26006F5651 /* Frameworks */ = {
			isa = PBXGroup;
			children = (
			);
			name = Frameworks;
			sourceTree = "<group>";
		};
		C645146E2ED36BD10066510E = {
			isa = PBXGroup;
			children = (
				C64514792ED36BD10066510E /* sonder */,
				C64514872ED36BD40066510E /* sonderTests */,
				C64514912ED36BD40066510E /* sonderUITests */,
				C61DEDBA2EDFBA26006F5651 /* Frameworks */,
				C64514782ED36BD10066510E /* Products */,
			);
			sourceTree = "<group>";
		};
		C64514782ED36BD10066510E /* Products */ = {
			isa = PBXGroup;
			children = (
				C64514772ED36BD10066510E /* sonder.app */,
				C64514842ED36BD40066510E /* sonderTests.xctest */,
				C645148E2ED36BD40066510E /* sonderUITests.xctest */,
			);
			name = Products;
			sourceTree = "<group>";
		};
/* End PBXGroup section */

/* Begin PBXNativeTarget section */
		C64514762ED36BD10066510E /* sonder */ = {
			isa = PBXNativeTarget;
			buildConfigurationList = C64514982ED36BD40066510E /* Build configuration list for PBXNativeTarget "sonder" */;
			buildPhases = (
				C64514732ED36BD10066510E /* Sources */,
				C64514742ED36BD10066510E /* Frameworks */,
				C64514752ED36BD10066510E /* Resources */,
			);
			buildRules = (
			);
			dependencies = (
			);
			fileSystemSynchronizedGroups = (
				C64514792ED36BD10066510E /* sonder */,
			);
			name = sonder;
			packageProductDependencies = (
				C61DEDA02EDF8270006F5651 /* GoogleSignIn */,
				C61DEDA22EDF8270006F5651 /* GoogleSignInSwift */,
				C61DEDBB2EDFBA26006F5651 /* SonderDTOs */,
			);
			productName = sonder;
			productReference = C64514772ED36BD10066510E /* sonder.app */;
			productType = "com.apple.product-type.application";
		};
		C64514832ED36BD40066510E /* sonderTests */ = {
			isa = PBXNativeTarget;
			buildConfigurationList = C645149B2ED36BD40066510E /* Build configuration list for PBXNativeTarget "sonderTests" */;
			buildPhases = (
				C64514802ED36BD40066510E /* Sources */,
				C64514812ED36BD40066510E /* Frameworks */,
				C64514822ED36BD40066510E /* Resources */,
			);
			buildRules = (
			);
			dependencies = (
				C64514862ED36BD40066510E /* PBXTargetDependency */,
			);
			fileSystemSynchronizedGroups = (
				C64514872ED36BD40066510E /* sonderTests */,
			);
			name = sonderTests;
			packageProductDependencies = (
			);
			productName = sonderTests;
			productReference = C64514842ED36BD40066510E /* sonderTests.xctest */;
			productType = "com.apple.product-type.bundle.unit-test";
		};
		C645148D2ED36BD40066510E /* sonderUITests */ = {
			isa = PBXNativeTarget;
			buildConfigurationList = C645149E2ED36BD40066510E /* Build configuration list for PBXNativeTarget "sonderUITests" */;
			buildPhases = (
				C645148A2ED36BD40066510E /* Sources */,
				C645148B2ED36BD40066510E /* Frameworks */,
				C645148C2ED36BD40066510E /* Resources */,
			);
			buildRules = (
			);
			dependencies = (
				C64514902ED36BD40066510E /* PBXTargetDependency */,
			);
			fileSystemSynchronizedGroups = (
				C64514912ED36BD40066510E /* sonderUITests */,
			);
			name = sonderUITests;
			packageProductDependencies = (
			);
			productName = sonderUITests;
			productReference = C645148E2ED36BD40066510E /* sonderUITests.xctest */;
			productType = "com.apple.product-type.bundle.ui-testing";
		};
/* End PBXNativeTarget section */

/* Begin PBXProject section */
		C645146F2ED36BD10066510E /* Project object */ = {
			isa = PBXProject;
			attributes = {
				BuildIndependentTargetsInParallel = 1;
				LastSwiftUpdateCheck = 2610;
				LastUpgradeCheck = 2610;
				TargetAttributes = {
					C64514762ED36BD10066510E = {
						CreatedOnToolsVersion = 26.1.1;
					};
					C64514832ED36BD40066510E = {
						CreatedOnToolsVersion = 26.1.1;
						TestTargetID = C64514762ED36BD10066510E;
					};
					C645148D2ED36BD40066510E = {
						CreatedOnToolsVersion = 26.1.1;
						TestTargetID = C64514762ED36BD10066510E;
					};
				};
			};
			buildConfigurationList = C64514722ED36BD10066510E /* Build configuration list for PBXProject "sonder" */;
			developmentRegion = en;
			hasScannedForEncodings = 0;
			knownRegions = (
				en,
				Base,
			);
			mainGroup = C645146E2ED36BD10066510E;
			minimizedProjectReferenceProxies = 1;
			packageReferences = (
				C61DED452EDF78C1006F5651 /* XCRemoteSwiftPackageReference "SwiftLintPlugins" */,
				C61DED462EDF78E3006F5651 /* XCLocalSwiftPackageReference "../SonderDTOs" */,
				C61DED9F2EDF8270006F5651 /* XCRemoteSwiftPackageReference "GoogleSignIn-iOS" */,
			);
			preferredProjectObjectVersion = 77;
			productRefGroup = C64514782ED36BD10066510E /* Products */;
			projectDirPath = "";
			projectRoot = "";
			targets = (
				C64514762ED36BD10066510E /* sonder */,
				C64514832ED36BD40066510E /* sonderTests */,
				C645148D2ED36BD40066510E /* sonderUITests */,
			);
		};
/* End PBXProject section */

/* Begin PBXResourcesBuildPhase section */
		C64514752ED36BD10066510E /* Resources */ = {
			isa = PBXResourcesBuildPhase;
			buildActionMask = 2147483647;
			files = (
			);
			runOnlyForDeploymentPostprocessing = 0;
		};
		C64514822ED36BD40066510E /* Resources */ = {
			isa = PBXResourcesBuildPhase;
			buildActionMask = 2147483647;
			files = (
			);
			runOnlyForDeploymentPostprocessing = 0;
		};
		C645148C2ED36BD40066510E /* Resources */ = {
			isa = PBXResourcesBuildPhase;
			buildActionMask = 2147483647;
			files = (
			);
			runOnlyForDeploymentPostprocessing = 0;
		};
/* End PBXResourcesBuildPhase section */

/* Begin PBXSourcesBuildPhase section */
		C64514732ED36BD10066510E /* Sources */ = {
			isa = PBXSourcesBuildPhase;
			buildActionMask = 2147483647;
			files = (
			);
			runOnlyForDeploymentPostprocessing = 0;
		};
		C64514802ED36BD40066510E /* Sources */ = {
			isa = PBXSourcesBuildPhase;
			buildActionMask = 2147483647;
			files = (
			);
			runOnlyForDeploymentPostprocessing = 0;
		};
		C645148A2ED36BD40066510E /* Sources */ = {
			isa = PBXSourcesBuildPhase;
			buildActionMask = 2147483647;
			files = (
			);
			runOnlyForDeploymentPostprocessing = 0;
		};
/* End PBXSourcesBuildPhase section */

/* Begin PBXTargetDependency section */
		C64514862ED36BD40066510E /* PBXTargetDependency */ = {
			isa = PBXTargetDependency;
			target = C64514762ED36BD10066510E /* sonder */;
			targetProxy = C64514852ED36BD40066510E /* PBXContainerItemProxy */;
		};
		C64514902ED36BD40066510E /* PBXTargetDependency */ = {
			isa = PBXTargetDependency;
			target = C64514762ED36BD10066510E /* sonder */;
			targetProxy = C645148F2ED36BD40066510E /* PBXContainerItemProxy */;
		};
/* End PBXTargetDependency section */

/* Begin XCBuildConfiguration section */
		C64514962ED36BD40066510E /* Debug */ = {
			isa = XCBuildConfiguration;
			buildSettings = {
				ALWAYS_SEARCH_USER_PATHS = NO;
				ASSETCATALOG_COMPILER_GENERATE_SWIFT_ASSET_SYMBOL_EXTENSIONS = YES;
				CLANG_ANALYZER_NONNULL = YES;
				CLANG_ANALYZER_NUMBER_OBJECT_CONVERSION = YES_AGGRESSIVE;
				CLANG_CXX_LANGUAGE_STANDARD = "gnu++20";
				CLANG_ENABLE_MODULES = YES;
				CLANG_ENABLE_OBJC_ARC = YES;
				CLANG_ENABLE_OBJC_WEAK = YES;
				CLANG_WARN_BLOCK_CAPTURE_AUTORELEASING = YES;
				CLANG_WARN_BOOL_CONVERSION = YES;
				CLANG_WARN_COMMA = YES;
				CLANG_WARN_CONSTANT_CONVERSION = YES;
				CLANG_WARN_DEPRECATED_OBJC_IMPLEMENTATIONS = YES;
				CLANG_WARN_DIRECT_OBJC_ISA_USAGE = YES_ERROR;
				CLANG_WARN_DOCUMENTATION_COMMENTS = YES;
				CLANG_WARN_EMPTY_BODY = YES;
				CLANG_WARN_ENUM_CONVERSION = YES;
				CLANG_WARN_INFINITE_RECURSION = YES;
				CLANG_WARN_INT_CONVERSION = YES;
				CLANG_WARN_NON_LITERAL_NULL_CONVERSION = YES;
				CLANG_WARN_OBJC_IMPLICIT_RETAIN_SELF = YES;
				CLANG_WARN_OBJC_LITERAL_CONVERSION = YES;
				CLANG_WARN_OBJC_ROOT_CLASS = YES_ERROR;
				CLANG_WARN_QUOTED_INCLUDE_IN_FRAMEWORK_HEADER = YES;
				CLANG_WARN_RANGE_LOOP_ANALYSIS = YES;
				CLANG_WARN_STRICT_PROTOTYPES = YES;
				CLANG_WARN_SUSPICIOUS_MOVE = YES;
				CLANG_WARN_UNGUARDED_AVAILABILITY = YES_AGGRESSIVE;
				CLANG_WARN_UNREACHABLE_CODE = YES;
				CLANG_WARN__DUPLICATE_METHOD_MATCH = YES;
				COPY_PHASE_STRIP = NO;
				DEBUG_INFORMATION_FORMAT = dwarf;
				DEVELOPMENT_TEAM = 72G497WR8Z;
				ENABLE_STRICT_OBJC_MSGSEND = YES;
				ENABLE_TESTABILITY = YES;
				ENABLE_USER_SCRIPT_SANDBOXING = YES;
				GCC_C_LANGUAGE_STANDARD = gnu17;
				GCC_DYNAMIC_NO_PIC = NO;
				GCC_NO_COMMON_BLOCKS = YES;
				GCC_OPTIMIZATION_LEVEL = 0;
				GCC_PREPROCESSOR_DEFINITIONS = (
					"DEBUG=1",
					"$(inherited)",
				);
				GCC_WARN_64_TO_32_BIT_CONVERSION = YES;
				GCC_WARN_ABOUT_RETURN_TYPE = YES_ERROR;
				GCC_WARN_UNDECLARED_SELECTOR = YES;
				GCC_WARN_UNINITIALIZED_AUTOS = YES_AGGRESSIVE;
				GCC_WARN_UNUSED_FUNCTION = YES;
				GCC_WARN_UNUSED_VARIABLE = YES;
				IPHONEOS_DEPLOYMENT_TARGET = 26.1;
				LOCALIZATION_PREFERS_STRING_CATALOGS = YES;
				MTL_ENABLE_DEBUG_INFO = INCLUDE_SOURCE;
				MTL_FAST_MATH = YES;
				ONLY_ACTIVE_ARCH = YES;
				SDKROOT = iphoneos;
				SWIFT_ACTIVE_COMPILATION_CONDITIONS = "DEBUG $(inherited)";
				SWIFT_OPTIMIZATION_LEVEL = "-Onone";
			};
			name = Debug;
		};
		C64514972ED36BD40066510E /* Release */ = {
			isa = XCBuildConfiguration;
			buildSettings = {
				ALWAYS_SEARCH_USER_PATHS = NO;
				ASSETCATALOG_COMPILER_GENERATE_SWIFT_ASSET_SYMBOL_EXTENSIONS = YES;
				CLANG_ANALYZER_NONNULL = YES;
				CLANG_ANALYZER_NUMBER_OBJECT_CONVERSION = YES_AGGRESSIVE;
				CLANG_CXX_LANGUAGE_STANDARD = "gnu++20";
				CLANG_ENABLE_MODULES = YES;
				CLANG_ENABLE_OBJC_ARC = YES;
				CLANG_ENABLE_OBJC_WEAK = YES;
				CLANG_WARN_BLOCK_CAPTURE_AUTORELEASING = YES;
				CLANG_WARN_BOOL_CONVERSION = YES;
				CLANG_WARN_COMMA = YES;
				CLANG_WARN_CONSTANT_CONVERSION = YES;
				CLANG_WARN_DEPRECATED_OBJC_IMPLEMENTATIONS = YES;
				CLANG_WARN_DIRECT_OBJC_ISA_USAGE = YES_ERROR;
				CLANG_WARN_DOCUMENTATION_COMMENTS = YES;
				CLANG_WARN_EMPTY_BODY = YES;
				CLANG_WARN_ENUM_CONVERSION = YES;
				CLANG_WARN_INFINITE_RECURSION = YES;
				CLANG_WARN_INT_CONVERSION = YES;
				CLANG_WARN_NON_LITERAL_NULL_CONVERSION = YES;
				CLANG_WARN_OBJC_IMPLICIT_RETAIN_SELF = YES;
				CLANG_WARN_OBJC_LITERAL_CONVERSION = YES;
				CLANG_WARN_OBJC_ROOT_CLASS = YES_ERROR;
				CLANG_WARN_QUOTED_INCLUDE_IN_FRAMEWORK_HEADER = YES;
				CLANG_WARN_RANGE_LOOP_ANALYSIS = YES;
				CLANG_WARN_STRICT_PROTOTYPES = YES;
				CLANG_WARN_SUSPICIOUS_MOVE = YES;
				CLANG_WARN_UNGUARDED_AVAILABILITY = YES_AGGRESSIVE;
				CLANG_WARN_UNREACHABLE_CODE = YES;
				CLANG_WARN__DUPLICATE_METHOD_MATCH = YES;
				COPY_PHASE_STRIP = NO;
				DEBUG_INFORMATION_FORMAT = "dwarf-with-dsym";
				DEVELOPMENT_TEAM = 72G497WR8Z;
				ENABLE_NS_ASSERTIONS = NO;
				ENABLE_STRICT_OBJC_MSGSEND = YES;
				ENABLE_USER_SCRIPT_SANDBOXING = YES;
				GCC_C_LANGUAGE_STANDARD = gnu17;
				GCC_NO_COMMON_BLOCKS = YES;
				GCC_WARN_64_TO_32_BIT_CONVERSION = YES;
				GCC_WARN_ABOUT_RETURN_TYPE = YES_ERROR;
				GCC_WARN_UNDECLARED_SELECTOR = YES;
				GCC_WARN_UNINITIALIZED_AUTOS = YES_AGGRESSIVE;
				GCC_WARN_UNUSED_FUNCTION = YES;
				GCC_WARN_UNUSED_VARIABLE = YES;
				IPHONEOS_DEPLOYMENT_TARGET = 26.1;
				LOCALIZATION_PREFERS_STRING_CATALOGS = YES;
				MTL_ENABLE_DEBUG_INFO = NO;
				MTL_FAST_MATH = YES;
				SDKROOT = iphoneos;
				SWIFT_COMPILATION_MODE = wholemodule;
				VALIDATE_PRODUCT = YES;
			};
			name = Release;
		};
		C64514992ED36BD40066510E /* Debug */ = {
			isa = XCBuildConfiguration;
			buildSettings = {
				ASSETCATALOG_COMPILER_APPICON_NAME = AppIcon;
				ASSETCATALOG_COMPILER_GLOBAL_ACCENT_COLOR_NAME = AccentColor;
				CODE_SIGN_STYLE = Automatic;
				CURRENT_PROJECT_VERSION = 1;
				DEVELOPMENT_TEAM = 72G497WR8Z;
				ENABLE_PREVIEWS = YES;
				GENERATE_INFOPLIST_FILE = YES;
				INFOPLIST_FILE = sonder/Info.plist;
				INFOPLIST_KEY_CFBundleDisplayName = Sonder;
				INFOPLIST_KEY_LSApplicationCategoryType = "public.app-category.social-networking";
				INFOPLIST_KEY_UIApplicationSceneManifest_Generation = YES;
				INFOPLIST_KEY_UIApplicationSupportsIndirectInputEvents = YES;
				INFOPLIST_KEY_UILaunchScreen_Generation = YES;
				INFOPLIST_KEY_UISupportedInterfaceOrientations = UIInterfaceOrientationPortrait;
				IPHONEOS_DEPLOYMENT_TARGET = 18.6;
				LD_RUNPATH_SEARCH_PATHS = (
					"$(inherited)",
					"@executable_path/Frameworks",
				);
				MARKETING_VERSION = 1.0;
				PRODUCT_BUNDLE_IDENTIFIER = sampleware.sonder;
				PRODUCT_NAME = "$(TARGET_NAME)";
				STRING_CATALOG_GENERATE_SYMBOLS = YES;
				SUPPORTED_PLATFORMS = "iphoneos iphonesimulator";
				SUPPORTS_MACCATALYST = NO;
				SUPPORTS_MAC_DESIGNED_FOR_IPHONE_IPAD = NO;
				SUPPORTS_XR_DESIGNED_FOR_IPHONE_IPAD = NO;
				SWIFT_APPROACHABLE_CONCURRENCY = YES;
				SWIFT_DEFAULT_ACTOR_ISOLATION = MainActor;
				SWIFT_EMIT_LOC_STRINGS = YES;
				SWIFT_UPCOMING_FEATURE_MEMBER_IMPORT_VISIBILITY = YES;
				SWIFT_VERSION = 5.0;
				TARGETED_DEVICE_FAMILY = 1;
			};
			name = Debug;
		};
		C645149A2ED36BD40066510E /* Release */ = {
			isa = XCBuildConfiguration;
			buildSettings = {
				ASSETCATALOG_COMPILER_APPICON_NAME = AppIcon;
				ASSETCATALOG_COMPILER_GLOBAL_ACCENT_COLOR_NAME = AccentColor;
				CODE_SIGN_STYLE = Automatic;
				CURRENT_PROJECT_VERSION = 1;
				DEVELOPMENT_TEAM = 72G497WR8Z;
				ENABLE_PREVIEWS = YES;
				GENERATE_INFOPLIST_FILE = YES;
				INFOPLIST_FILE = sonder/Info.plist;
				INFOPLIST_KEY_CFBundleDisplayName = Sonder;
				INFOPLIST_KEY_LSApplicationCategoryType = "public.app-category.social-networking";
				INFOPLIST_KEY_UIApplicationSceneManifest_Generation = YES;
				INFOPLIST_KEY_UIApplicationSupportsIndirectInputEvents = YES;
				INFOPLIST_KEY_UILaunchScreen_Generation = YES;
				INFOPLIST_KEY_UISupportedInterfaceOrientations = UIInterfaceOrientationPortrait;
				IPHONEOS_DEPLOYMENT_TARGET = 18.6;
				LD_RUNPATH_SEARCH_PATHS = (
					"$(inherited)",
					"@executable_path/Frameworks",
				);
				MARKETING_VERSION = 1.0;
				PRODUCT_BUNDLE_IDENTIFIER = sampleware.sonder;
				PRODUCT_NAME = "$(TARGET_NAME)";
				STRING_CATALOG_GENERATE_SYMBOLS = YES;
				SUPPORTED_PLATFORMS = "iphoneos iphonesimulator";
				SUPPORTS_MACCATALYST = NO;
				SUPPORTS_MAC_DESIGNED_FOR_IPHONE_IPAD = NO;
				SUPPORTS_XR_DESIGNED_FOR_IPHONE_IPAD = NO;
				SWIFT_APPROACHABLE_CONCURRENCY = YES;
				SWIFT_DEFAULT_ACTOR_ISOLATION = MainActor;
				SWIFT_EMIT_LOC_STRINGS = YES;
				SWIFT_UPCOMING_FEATURE_MEMBER_IMPORT_VISIBILITY = YES;
				SWIFT_VERSION = 5.0;
				TARGETED_DEVICE_FAMILY = 1;
			};
			name = Release;
		};
		C645149C2ED36BD40066510E /* Debug */ = {
			isa = XCBuildConfiguration;
			buildSettings = {
				BUNDLE_LOADER = "$(TEST_HOST)";
				CODE_SIGN_STYLE = Automatic;
				CURRENT_PROJECT_VERSION = 1;
				DEVELOPMENT_TEAM = 72G497WR8Z;
				GENERATE_INFOPLIST_FILE = YES;
				IPHONEOS_DEPLOYMENT_TARGET = 26.1;
				MARKETING_VERSION = 1.0;
				PRODUCT_BUNDLE_IDENTIFIER = sampleware.sonderTests;
				PRODUCT_NAME = "$(TARGET_NAME)";
				STRING_CATALOG_GENERATE_SYMBOLS = NO;
				SWIFT_APPROACHABLE_CONCURRENCY = YES;
				SWIFT_EMIT_LOC_STRINGS = NO;
				SWIFT_UPCOMING_FEATURE_MEMBER_IMPORT_VISIBILITY = YES;
				SWIFT_VERSION = 5.0;
				TARGETED_DEVICE_FAMILY = "1,2";
				TEST_HOST = "$(BUILT_PRODUCTS_DIR)/sonder.app/$(BUNDLE_EXECUTABLE_FOLDER_PATH)/sonder";
			};
			name = Debug;
		};
		C645149D2ED36BD40066510E /* Release */ = {
			isa = XCBuildConfiguration;
			buildSettings = {
				BUNDLE_LOADER = "$(TEST_HOST)";
				CODE_SIGN_STYLE = Automatic;
				CURRENT_PROJECT_VERSION = 1;
				DEVELOPMENT_TEAM = 72G497WR8Z;
				GENERATE_INFOPLIST_FILE = YES;
				IPHONEOS_DEPLOYMENT_TARGET = 26.1;
				MARKETING_VERSION = 1.0;
				PRODUCT_BUNDLE_IDENTIFIER = sampleware.sonderTests;
				PRODUCT_NAME = "$(TARGET_NAME)";
				STRING_CATALOG_GENERATE_SYMBOLS = NO;
				SWIFT_APPROACHABLE_CONCURRENCY = YES;
				SWIFT_EMIT_LOC_STRINGS = NO;
				SWIFT_UPCOMING_FEATURE_MEMBER_IMPORT_VISIBILITY = YES;
				SWIFT_VERSION = 5.0;
				TARGETED_DEVICE_FAMILY = "1,2";
				TEST_HOST = "$(BUILT_PRODUCTS_DIR)/sonder.app/$(BUNDLE_EXECUTABLE_FOLDER_PATH)/sonder";
			};
			name = Release;
		};
		C645149F2ED36BD40066510E /* Debug */ = {
			isa = XCBuildConfiguration;
			buildSettings = {
				CODE_SIGN_STYLE = Automatic;
				CURRENT_PROJECT_VERSION = 1;
				DEVELOPMENT_TEAM = 72G497WR8Z;
				GENERATE_INFOPLIST_FILE = YES;
				MARKETING_VERSION = 1.0;
				PRODUCT_BUNDLE_IDENTIFIER = sampleware.sonderUITests;
				PRODUCT_NAME = "$(TARGET_NAME)";
				STRING_CATALOG_GENERATE_SYMBOLS = NO;
				SWIFT_APPROACHABLE_CONCURRENCY = YES;
				SWIFT_EMIT_LOC_STRINGS = NO;
				SWIFT_UPCOMING_FEATURE_MEMBER_IMPORT_VISIBILITY = YES;
				SWIFT_VERSION = 5.0;
				TARGETED_DEVICE_FAMILY = "1,2";
				TEST_TARGET_NAME = sonder;
			};
			name = Debug;
		};
		C64514A02ED36BD40066510E /* Release */ = {
			isa = XCBuildConfiguration;
			buildSettings = {
				CODE_SIGN_STYLE = Automatic;
				CURRENT_PROJECT_VERSION = 1;
				DEVELOPMENT_TEAM = 72G497WR8Z;
				GENERATE_INFOPLIST_FILE = YES;
				MARKETING_VERSION = 1.0;
				PRODUCT_BUNDLE_IDENTIFIER = sampleware.sonderUITests;
				PRODUCT_NAME = "$(TARGET_NAME)";
				STRING_CATALOG_GENERATE_SYMBOLS = NO;
				SWIFT_APPROACHABLE_CONCURRENCY = YES;
				SWIFT_EMIT_LOC_STRINGS = NO;
				SWIFT_UPCOMING_FEATURE_MEMBER_IMPORT_VISIBILITY = YES;
				SWIFT_VERSION = 5.0;
				TARGETED_DEVICE_FAMILY = "1,2";
				TEST_TARGET_NAME = sonder;
			};
			name = Release;
		};
/* End XCBuildConfiguration section */

/* Begin XCConfigurationList section */
		C64514722ED36BD10066510E /* Build configuration list for PBXProject "sonder" */ = {
			isa = XCConfigurationList;
			buildConfigurations = (
				C64514962ED36BD40066510E /* Debug */,
				C64514972ED36BD40066510E /* Release */,
			);
			defaultConfigurationIsVisible = 0;
			defaultConfigurationName = Release;
		};
		C64514982ED36BD40066510E /* Build configuration list for PBXNativeTarget "sonder" */ = {
			isa = XCConfigurationList;
			buildConfigurations = (
				C64514992ED36BD40066510E /* Debug */,
				C645149A2ED36BD40066510E /* Release */,
			);
			defaultConfigurationIsVisible = 0;
			defaultConfigurationName = Release;
		};
		C645149B2ED36BD40066510E /* Build configuration list for PBXNativeTarget "sonderTests" */ = {
			isa = XCConfigurationList;
			buildConfigurations = (
				C645149C2ED36BD40066510E /* Debug */,
				C645149D2ED36BD40066510E /* Release */,
			);
			defaultConfigurationIsVisible = 0;
			defaultConfigurationName = Release;
		};
		C645149E2ED36BD40066510E /* Build configuration list for PBXNativeTarget "sonderUITests" */ = {
			isa = XCConfigurationList;
			buildConfigurations = (
				C645149F2ED36BD40066510E /* Debug */,
				C64514A02ED36BD40066510E /* Release */,
			);
			defaultConfigurationIsVisible = 0;
			defaultConfigurationName = Release;
		};
/* End XCConfigurationList section */

/* Begin XCLocalSwiftPackageReference section */
		C61DED462EDF78E3006F5651 /* XCLocalSwiftPackageReference "../SonderDTOs" */ = {
			isa = XCLocalSwiftPackageReference;
			relativePath = ../SonderDTOs;
		};
/* End XCLocalSwiftPackageReference section */

/* Begin XCRemoteSwiftPackageReference section */
		C61DED452EDF78C1006F5651 /* XCRemoteSwiftPackageReference "SwiftLintPlugins" */ = {
			isa = XCRemoteSwiftPackageReference;
			repositoryURL = "https://github.com/SimplyDanny/SwiftLintPlugins";
			requirement = {
				kind = upToNextMajorVersion;
				minimumVersion = 0.62.2;
			};
		};
		C61DED9F2EDF8270006F5651 /* XCRemoteSwiftPackageReference "GoogleSignIn-iOS" */ = {
			isa = XCRemoteSwiftPackageReference;
			repositoryURL = "https://github.com/google/GoogleSignIn-iOS";
			requirement = {
				kind = upToNextMajorVersion;
				minimumVersion = 9.0.0;
			};
		};
/* End XCRemoteSwiftPackageReference section */

/* Begin XCSwiftPackageProductDependency section */
		C61DEDA02EDF8270006F5651 /* GoogleSignIn */ = {
			isa = XCSwiftPackageProductDependency;
			package = C61DED9F2EDF8270006F5651 /* XCRemoteSwiftPackageReference "GoogleSignIn-iOS" */;
			productName = GoogleSignIn;
		};
		C61DEDA22EDF8270006F5651 /* GoogleSignInSwift */ = {
			isa = XCSwiftPackageProductDependency;
			package = C61DED9F2EDF8270006F5651 /* XCRemoteSwiftPackageReference "GoogleSignIn-iOS" */;
			productName = GoogleSignInSwift;
		};
		C61DEDBB2EDFBA26006F5651 /* SonderDTOs */ = {
			isa = XCSwiftPackageProductDependency;
			package = C61DED462EDF78E3006F5651 /* XCLocalSwiftPackageReference "../SonderDTOs" */;
			productName = SonderDTOs;
		};
/* End XCSwiftPackageProductDependency section */
	};
	rootObject = C645146F2ED36BD10066510E /* Project object */;
}
